
Microsoft Visual Studio Solution File, Format Version 12.00
# Visual Studio Version 17
VisualStudioVersion = 17.14.36623.8
MinimumVisualStudioVersion = 10.0.40219.1
Project("{FAE04EC0-301F-11D3-BF4B-00C04F79EFBC}") = "DDDWebApi", "DDDWebApi\DDDWebApi.csproj", "{03188553-47BA-4D08-86D6-41264D266FCA}"
EndProject
Project("{FAE04EC0-301F-11D3-BF4B-00C04F79EFBC}") = "DDDWebApi.Application", "DDDWebApi.Application\DDDWebApi.Application.csproj", "{2FE6EB65-2C8C-ECC7-69CA-0FB832FFD901}"
EndProject
Project("{FAE04EC0-301F-11D3-BF4B-00C04F79EFBC}") = "DDDWebApi.Domain", "DDDWebApi.Domain\DDDWebApi.Domain.csproj", "{04985029-AE11-B142-DE7F-BFB4364F86C7}"
EndProject
Project("{FAE04EC0-301F-11D3-BF4B-00C04F79EFBC}") = "DDDWebApi.Infrastructure", "DDDWebApi.Infrastructure\DDDWebApi.Infrastructure.csproj", "{5E7B2C6D-6D37-A971-E07F-353281682B1A}"
EndProject
Project("{FAE04EC0-301F-11D3-BF4B-00C04F79EFBC}") = "DDDWebApi.IoC", "DDDWebApi.IoC\DDDWebApi.IoC.csproj", "{00A6CE68-8382-078F-D679-96C4D44B2FE6}"
EndProject
Project("{FAE04EC0-301F-11D3-BF4B-00C04F79EFBC}") = "DDDWebApi.CrossCutting", "DDDWebApi.CrossCutting\DDDWebApi.CrossCutting.csproj", "{37CCD920-4F15-382A-2BB4-554DEE6A3C30}"
EndProject
Global
	GlobalSection(SolutionConfigurationPlatforms) = preSolution
		Debug|Any CPU = Debug|Any CPU
		Debug|x64 = Debug|x64
		Debug|x86 = Debug|x86
		Release|Any CPU = Release|Any CPU
		Release|x64 = Release|x64
		Release|x86 = Release|x86
	EndGlobalSection
	GlobalSection(ProjectConfigurationPlatforms) = postSolution
		{03188553-47BA-4D08-86D6-41264D266FCA}.Debug|Any CPU.ActiveCfg = Debug|Any CPU
		{03188553-47BA-4D08-86D6-41264D266FCA}.Debug|Any CPU.Build.0 = Debug|Any CPU
		{03188553-47BA-4D08-86D6-41264D266FCA}.Debug|x64.ActiveCfg = Debug|Any CPU
		{03188553-47BA-4D08-86D6-41264D266FCA}.Debug|x64.Build.0 = Debug|Any CPU
		{03188553-47BA-4D08-86D6-41264D266FCA}.Debug|x86.ActiveCfg = Debug|Any CPU
		{03188553-47BA-4D08-86D6-41264D266FCA}.Debug|x86.Build.0 = Debug|Any CPU
		{03188553-47BA-4D08-86D6-41264D266FCA}.Release|Any CPU.ActiveCfg = Release|Any CPU
		{03188553-47BA-4D08-86D6-41264D266FCA}.Release|Any CPU.Build.0 = Release|Any CPU
		{03188553-47BA-4D08-86D6-41264D266FCA}.Release|x64.ActiveCfg = Release|Any CPU
		{03188553-47BA-4D08-86D6-41264D266FCA}.Release|x64.Build.0 = Release|Any CPU
		{03188553-47BA-4D08-86D6-41264D266FCA}.Release|x86.ActiveCfg = Release|Any CPU
		{03188553-47BA-4D08-86D6-41264D266FCA}.Release|x86.Build.0 = Release|Any CPU
		{2FE6EB65-2C8C-ECC7-69CA-0FB832FFD901}.Debug|Any CPU.ActiveCfg = Debug|Any CPU
		{2FE6EB65-2C8C-ECC7-69CA-0FB832FFD901}.Debug|Any CPU.Build.0 = Debug|Any CPU
		{2FE6EB65-2C8C-ECC7-69CA-0FB832FFD901}.Debug|x64.ActiveCfg = Debug|Any CPU
		{2FE6EB65-2C8C-ECC7-69CA-0FB832FFD901}.Debug|x64.Build.0 = Debug|Any CPU
		{2FE6EB65-2C8C-ECC7-69CA-0FB832FFD901}.Debug|x86.ActiveCfg = Debug|Any CPU
		{2FE6EB65-2C8C-ECC7-69CA-0FB832FFD901}.Debug|x86.Build.0 = Debug|Any CPU
		{2FE6EB65-2C8C-ECC7-69CA-0FB832FFD901}.Release|Any CPU.ActiveCfg = Release|Any CPU
		{2FE6EB65-2C8C-ECC7-69CA-0FB832FFD901}.Release|Any CPU.Build.0 = Release|Any CPU
		{2FE6EB65-2C8C-ECC7-69CA-0FB832FFD901}.Release|x64.ActiveCfg = Release|Any CPU
		{2FE6EB65-2C8C-ECC7-69CA-0FB832FFD901}.Release|x64.Build.0 = Release|Any CPU
		{2FE6EB65-2C8C-ECC7-69CA-0FB832FFD901}.Release|x86.ActiveCfg = Release|Any CPU
		{2FE6EB65-2C8C-ECC7-69CA-0FB832FFD901}.Release|x86.Build.0 = Release|Any CPU
		{04985029-AE11-B142-DE7F-BFB4364F86C7}.Debug|Any CPU.ActiveCfg = Debug|Any CPU
		{04985029-AE11-B142-DE7F-BFB4364F86C7}.Debug|Any CPU.Build.0 = Debug|Any CPU
		{04985029-AE11-B142-DE7F-BFB4364F86C7}.Debug|x64.ActiveCfg = Debug|Any CPU
		{04985029-AE11-B142-DE7F-BFB4364F86C7}.Debug|x64.Build.0 = Debug|Any CPU
		{04985029-AE11-B142-DE7F-BFB4364F86C7}.Debug|x86.ActiveCfg = Debug|Any CPU
		{04985029-AE11-B142-DE7F-BFB4364F86C7}.Debug|x86.Build.0 = Debug|Any CPU
		{04985029-AE11-B142-DE7F-BFB4364F86C7}.Release|Any CPU.ActiveCfg = Release|Any CPU
		{04985029-AE11-B142-DE7F-BFB4364F86C7}.Release|Any CPU.Build.0 = Release|Any CPU
		{04985029-AE11-B142-DE7F-BFB4364F86C7}.Release|x64.ActiveCfg = Release|Any CPU
		{04985029-AE11-B142-DE7F-BFB4364F86C7}.Release|x64.Build.0 = Release|Any CPU
		{04985029-AE11-B142-DE7F-BFB4364F86C7}.Release|x86.ActiveCfg = Release|Any CPU
		{04985029-AE11-B142-DE7F-BFB4364F86C7}.Release|x86.Build.0 = Release|Any CPU
		{5E7B2C6D-6D37-A971-E07F-353281682B1A}.Debug|Any CPU.ActiveCfg = Debug|Any CPU
		{5E7B2C6D-6D37-A971-E07F-353281682B1A}.Debug|Any CPU.Build.0 = Debug|Any CPU
		{5E7B2C6D-6D37-A971-E07F-353281682B1A}.Debug|x64.ActiveCfg = Debug|Any CPU
		{5E7B2C6D-6D37-A971-E07F-353281682B1A}.Debug|x64.Build.0 = Debug|Any CPU
		{5E7B2C6D-6D37-A971-E07F-353281682B1A}.Debug|x86.ActiveCfg = Debug|Any CPU
		{5E7B2C6D-6D37-A971-E07F-353281682B1A}.Debug|x86.Build.0 = Debug|Any CPU
		{5E7B2C6D-6D37-A971-E07F-353281682B1A}.Release|Any CPU.ActiveCfg = Release|Any CPU
		{5E7B2C6D-6D37-A971-E07F-353281682B1A}.Release|Any CPU.Build.0 = Release|Any CPU
		{5E7B2C6D-6D37-A971-E07F-353281682B1A}.Release|x64.ActiveCfg = Release|Any CPU
		{5E7B2C6D-6D37-A971-E07F-353281682B1A}.Release|x64.Build.0 = Release|Any CPU
		{5E7B2C6D-6D37-A971-E07F-353281682B1A}.Release|x86.ActiveCfg = Release|Any CPU
		{5E7B2C6D-6D37-A971-E07F-353281682B1A}.Release|x86.Build.0 = Release|Any CPU
		{00A6CE68-8382-078F-D679-96C4D44B2FE6}.Debug|Any CPU.ActiveCfg = Debug|Any CPU
		{00A6CE68-8382-078F-D679-96C4D44B2FE6}.Debug|Any CPU.Build.0 = Debug|Any CPU
		{00A6CE68-8382-078F-D679-96C4D44B2FE6}.Debug|x64.ActiveCfg = Debug|Any CPU
		{00A6CE68-8382-078F-D679-96C4D44B2FE6}.Debug|x64.Build.0 = Debug|Any CPU
		{00A6CE68-8382-078F-D679-96C4D44B2FE6}.Debug|x86.ActiveCfg = Debug|Any CPU
		{00A6CE68-8382-078F-D679-96C4D44B2FE6}.Debug|x86.Build.0 = Debug|Any CPU
		{00A6CE68-8382-078F-D679-96C4D44B2FE6}.Release|Any CPU.ActiveCfg = Release|Any CPU
		{00A6CE68-8382-078F-D679-96C4D44B2FE6}.Release|Any CPU.Build.0 = Release|Any CPU
		{00A6CE68-8382-078F-D679-96C4D44B2FE6}.Release|x64.ActiveCfg = Release|Any CPU
		{00A6CE68-8382-078F-D679-96C4D44B2FE6}.Release|x64.Build.0 = Release|Any CPU
		{00A6CE68-8382-078F-D679-96C4D44B2FE6}.Release|x86.ActiveCfg = Release|Any CPU
		{00A6CE68-8382-078F-D679-96C4D44B2FE6}.Release|x86.Build.0 = Release|Any CPU
		{37CCD920-4F15-382A-2BB4-554DEE6A3C30}.Debug|Any CPU.ActiveCfg = Debug|Any CPU
		{37CCD920-4F15-382A-2BB4-554DEE6A3C30}.Debug|Any CPU.Build.0 = Debug|Any CPU
		{37CCD920-4F15-382A-2BB4-554DEE6A3C30}.Debug|x64.ActiveCfg = Debug|Any CPU
		{37CCD920-4F15-382A-2BB4-554DEE6A3C30}.Debug|x64.Build.0 = Debug|Any CPU
		{37CCD920-4F15-382A-2BB4-554DEE6A3C30}.Debug|x86.ActiveCfg = Debug|Any CPU
		{37CCD920-4F15-382A-2BB4-554DEE6A3C30}.Debug|x86.Build.0 = Debug|Any CPU
		{37CCD920-4F15-382A-2BB4-554DEE6A3C30}.Release|Any CPU.ActiveCfg = Release|Any CPU
		{37CCD920-4F15-382A-2BB4-554DEE6A3C30}.Release|Any CPU.Build.0 = Release|Any CPU
		{37CCD920-4F15-382A-2BB4-554DEE6A3C30}.Release|x64.ActiveCfg = Release|Any CPU
		{37CCD920-4F15-382A-2BB4-554DEE6A3C30}.Release|x64.Build.0 = Release|Any CPU
		{37CCD920-4F15-382A-2BB4-554DEE6A3C30}.Release|x86.ActiveCfg = Release|Any CPU
		{37CCD920-4F15-382A-2BB4-554DEE6A3C30}.Release|x86.Build.0 = Release|Any CPU
	EndGlobalSection
	GlobalSection(SolutionProperties) = preSolution
		HideSolutionNode = FALSE
	EndGlobalSection
	GlobalSection(ExtensibilityGlobals) = postSolution
		SolutionGuid = {1AE0F755-A954-4096-9D1C-CDAB2B58F8C6}
	EndGlobalSection
EndGlobal
